
Microsoft Visual Studio Solution File, Format Version 12.00
# Visual Studio Version 16
VisualStudioVersion = 16.0.32228.343
MinimumVisualStudioVersion = 10.0.40219.1
Project("{FAE04EC0-301F-11D3-BF4B-00C04F79EFBC}") = "GITVS", "GITVS\GITVS.csproj", "{A8F5A04D-8B48-4B56-91FF-51C0E2D2A826}"
EndProject
Global
	GlobalSection(SolutionConfigurationPlatforms) = preSolution
		Debug|Any CPU = Debug|Any CPU
		Release|Any CPU = Release|Any CPU
	EndGlobalSection
	GlobalSection(ProjectConfigurationPlatforms) = postSolution
		{A8F5A04D-8B48-4B56-91FF-51C0E2D2A826}.Debug|Any CPU.ActiveCfg = Debug|Any CPU
		{A8F5A04D-8B48-4B56-91FF-51C0E2D2A826}.Debug|Any CPU.Build.0 = Debug|Any CPU
		{A8F5A04D-8B48-4B56-91FF-51C0E2D2A826}.Release|Any CPU.ActiveCfg = Release|Any CPU
		{A8F5A04D-8B48-4B56-91FF-51C0E2D2A826}.Release|Any CPU.Build.0 = Release|Any CPU
	EndGlobalSection
	GlobalSection(SolutionProperties) = preSolution
		HideSolutionNode = FALSE
	EndGlobalSection
	GlobalSection(ExtensibilityGlobals) = postSolution
		SolutionGuid = {CC655735-769D-41C4-B4D8-6D27917DCC6A}
	EndGlobalSection
EndGlobal
